// !$*UTF8*$!
{
	archiveVersion = 1;
	classes = {
	};
	objectVersion = 46;
	objects = {

/* Begin PBXBuildFile section */
		AF0211F220A430E4002304B6 /* AIRMapCoordinate.m in Sources */ = {isa = PBXBuildFile; fileRef = AF0211C620A430E1002304B6 /* AIRMapCoordinate.m */; };
		AF0211F320A430E4002304B6 /* AIRMapPolygonManager.m in Sources */ = {isa = PBXBuildFile; fileRef = AF0211C820A430E1002304B6 /* AIRMapPolygonManager.m */; };
		AF0211F420A430E4002304B6 /* AIRMapPolygon.m in Sources */ = {isa = PBXBuildFile; fileRef = AF0211C920A430E1002304B6 /* AIRMapPolygon.m */; };
		AF0211F520A430E4002304B6 /* AIRMapCircle.m in Sources */ = {isa = PBXBuildFile; fileRef = AF0211CD20A430E1002304B6 /* AIRMapCircle.m */; };
		AF0211F620A430E4002304B6 /* AIRMapPolylineManager.m in Sources */ = {isa = PBXBuildFile; fileRef = AF0211D020A430E1002304B6 /* AIRMapPolylineManager.m */; };
		AF0211F720A430E4002304B6 /* AIRMapLocalTileOverlay.m in Sources */ = {isa = PBXBuildFile; fileRef = AF0211D120A430E2002304B6 /* AIRMapLocalTileOverlay.m */; };
		AF0211F820A430E4002304B6 /* AIRMapCallout.m in Sources */ = {isa = PBXBuildFile; fileRef = AF0211D220A430E2002304B6 /* AIRMapCallout.m */; };
		AF0211F920A430E4002304B6 /* AIRMapLocalTileManager.m in Sources */ = {isa = PBXBuildFile; fileRef = AF0211D320A430E2002304B6 /* AIRMapLocalTileManager.m */; };
		AF0211FA20A430E4002304B6 /* AIRMapPolylineRenderer.m in Sources */ = {isa = PBXBuildFile; fileRef = AF0211D420A430E2002304B6 /* AIRMapPolylineRenderer.m */; };
		AF0211FB20A430E4002304B6 /* AIRMapMarker.m in Sources */ = {isa = PBXBuildFile; fileRef = AF0211D620A430E2002304B6 /* AIRMapMarker.m */; };
		AF0211FC20A430E4002304B6 /* SMCalloutView.m in Sources */ = {isa = PBXBuildFile; fileRef = AF0211D920A430E2002304B6 /* SMCalloutView.m */; };
		AF0211FD20A430E4002304B6 /* AIRMapMarkerManager.m in Sources */ = {isa = PBXBuildFile; fileRef = AF0211DC20A430E2002304B6 /* AIRMapMarkerManager.m */; };
		AF0211FE20A430E4002304B6 /* AIRMap.m in Sources */ = {isa = PBXBuildFile; fileRef = AF0211DE20A430E2002304B6 /* AIRMap.m */; };
		AF0211FF20A430E4002304B6 /* AIRMapCalloutManager.m in Sources */ = {isa = PBXBuildFile; fileRef = AF0211E120A430E2002304B6 /* AIRMapCalloutManager.m */; };
		AF02120020A430E4002304B6 /* AIRMapCircleManager.m in Sources */ = {isa = PBXBuildFile; fileRef = AF0211E220A430E3002304B6 /* AIRMapCircleManager.m */; };
		AF02120120A430E4002304B6 /* RCTConvert+AirMap.m in Sources */ = {isa = PBXBuildFile; fileRef = AF0211E520A430E3002304B6 /* RCTConvert+AirMap.m */; };
		AF02120220A430E4002304B6 /* AIRMapLocalTile.m in Sources */ = {isa = PBXBuildFile; fileRef = AF0211E820A430E3002304B6 /* AIRMapLocalTile.m */; };
		AF02120320A430E4002304B6 /* AIRMapUrlTile.m in Sources */ = {isa = PBXBuildFile; fileRef = AF0211EC20A430E3002304B6 /* AIRMapUrlTile.m */; };
		AF02120420A430E4002304B6 /* AIRMapUrlTileManager.m in Sources */ = {isa = PBXBuildFile; fileRef = AF0211EE20A430E4002304B6 /* AIRMapUrlTileManager.m */; };
		AF02120520A430E4002304B6 /* AIRMapManager.m in Sources */ = {isa = PBXBuildFile; fileRef = AF0211EF20A430E4002304B6 /* AIRMapManager.m */; };
		AF02120620A430E4002304B6 /* AIRMapPolyline.m in Sources */ = {isa = PBXBuildFile; fileRef = AF0211F120A430E4002304B6 /* AIRMapPolyline.m */; };
/* End PBXBuildFile section */

/* Begin PBXCopyFilesBuildPhase section */
		11FA5C4F1C4A1296003AC2EE /* CopyFiles */ = {
			isa = PBXCopyFilesBuildPhase;
			buildActionMask = 2147483647;
			dstPath = "include/$(PRODUCT_NAME)";
			dstSubfolderSpec = 16;
			files = (
			);
			runOnlyForDeploymentPostprocessing = 0;
		};
/* End PBXCopyFilesBuildPhase section */

/* Begin PBXFileReference section */
		11FA5C511C4A1296003AC2EE /* libAirMaps.a */ = {isa = PBXFileReference; explicitFileType = archive.ar; includeInIndex = 0; path = libAirMaps.a; sourceTree = BUILT_PRODUCTS_DIR; };
		AF0211C620A430E1002304B6 /* AIRMapCoordinate.m */ = {isa = PBXFileReference; fileEncoding = 4; lastKnownFileType = sourcecode.c.objc; path = AIRMapCoordinate.m; sourceTree = "<group>"; };
		AF0211C720A430E1002304B6 /* AIRMapCircleManager.h */ = {isa = PBXFileReference; fileEncoding = 4; lastKnownFileType = sourcecode.c.h; path = AIRMapCircleManager.h; sourceTree = "<group>"; };
		AF0211C820A430E1002304B6 /* AIRMapPolygonManager.m */ = {isa = PBXFileReference; fileEncoding = 4; lastKnownFileType = sourcecode.c.objc; path = AIRMapPolygonManager.m; sourceTree = "<group>"; };
		AF0211C920A430E1002304B6 /* AIRMapPolygon.m */ = {isa = PBXFileReference; fileEncoding = 4; lastKnownFileType = sourcecode.c.objc; path = AIRMapPolygon.m; sourceTree = "<group>"; };
		AF0211CA20A430E1002304B6 /* AIRMapUrlTile.h */ = {isa = PBXFileReference; fileEncoding = 4; lastKnownFileType = sourcecode.c.h; path = AIRMapUrlTile.h; sourceTree = "<group>"; };
		AF0211CB20A430E1002304B6 /* RCTConvert+AirMap.h */ = {isa = PBXFileReference; fileEncoding = 4; lastKnownFileType = sourcecode.c.h; path = "RCTConvert+AirMap.h"; sourceTree = "<group>"; };
		AF0211CC20A430E1002304B6 /* AIRMapPolyline.h */ = {isa = PBXFileReference; fileEncoding = 4; lastKnownFileType = sourcecode.c.h; path = AIRMapPolyline.h; sourceTree = "<group>"; };
		AF0211CD20A430E1002304B6 /* AIRMapCircle.m */ = {isa = PBXFileReference; fileEncoding = 4; lastKnownFileType = sourcecode.c.objc; path = AIRMapCircle.m; sourceTree = "<group>"; };
		AF0211CE20A430E1002304B6 /* AIRMapManager.h */ = {isa = PBXFileReference; fileEncoding = 4; lastKnownFileType = sourcecode.c.h; path = AIRMapManager.h; sourceTree = "<group>"; };
		AF0211CF20A430E1002304B6 /* AIRMapCallout.h */ = {isa = PBXFileReference; fileEncoding = 4; lastKnownFileType = sourcecode.c.h; path = AIRMapCallout.h; sourceTree = "<group>"; };
		AF0211D020A430E1002304B6 /* AIRMapPolylineManager.m */ = {isa = PBXFileReference; fileEncoding = 4; lastKnownFileType = sourcecode.c.objc; path = AIRMapPolylineManager.m; sourceTree = "<group>"; };
		AF0211D120A430E2002304B6 /* AIRMapLocalTileOverlay.m */ = {isa = PBXFileReference; fileEncoding = 4; lastKnownFileType = sourcecode.c.objc; path = AIRMapLocalTileOverlay.m; sourceTree = "<group>"; };
		AF0211D220A430E2002304B6 /* AIRMapCallout.m */ = {isa = PBXFileReference; fileEncoding = 4; lastKnownFileType = sourcecode.c.objc; path = AIRMapCallout.m; sourceTree = "<group>"; };
		AF0211D320A430E2002304B6 /* AIRMapLocalTileManager.m */ = {isa = PBXFileReference; fileEncoding = 4; lastKnownFileType = sourcecode.c.objc; path = AIRMapLocalTileManager.m; sourceTree = "<group>"; };
		AF0211D420A430E2002304B6 /* AIRMapPolylineRenderer.m */ = {isa = PBXFileReference; fileEncoding = 4; lastKnownFileType = sourcecode.c.objc; path = AIRMapPolylineRenderer.m; sourceTree = "<group>"; };
		AF0211D520A430E2002304B6 /* AIRMapLocalTileManager.h */ = {isa = PBXFileReference; fileEncoding = 4; lastKnownFileType = sourcecode.c.h; path = AIRMapLocalTileManager.h; sourceTree = "<group>"; };
		AF0211D620A430E2002304B6 /* AIRMapMarker.m */ = {isa = PBXFileReference; fileEncoding = 4; lastKnownFileType = sourcecode.c.objc; path = AIRMapMarker.m; sourceTree = "<group>"; };
		AF0211D720A430E2002304B6 /* AIRMapPolylineManager.h */ = {isa = PBXFileReference; fileEncoding = 4; lastKnownFileType = sourcecode.c.h; path = AIRMapPolylineManager.h; sourceTree = "<group>"; };
		AF0211D920A430E2002304B6 /* SMCalloutView.m */ = {isa = PBXFileReference; fileEncoding = 4; lastKnownFileType = sourcecode.c.objc; path = SMCalloutView.m; sourceTree = "<group>"; };
		AF0211DA20A430E2002304B6 /* SMCalloutView.h */ = {isa = PBXFileReference; fileEncoding = 4; lastKnownFileType = sourcecode.c.h; path = SMCalloutView.h; sourceTree = "<group>"; };
		AF0211DB20A430E2002304B6 /* AIRMapLocalTileOverlay.h */ = {isa = PBXFileReference; fileEncoding = 4; lastKnownFileType = sourcecode.c.h; path = AIRMapLocalTileOverlay.h; sourceTree = "<group>"; };
		AF0211DC20A430E2002304B6 /* AIRMapMarkerManager.m */ = {isa = PBXFileReference; fileEncoding = 4; lastKnownFileType = sourcecode.c.objc; path = AIRMapMarkerManager.m; sourceTree = "<group>"; };
		AF0211DD20A430E2002304B6 /* AIRMapMarker.h */ = {isa = PBXFileReference; fileEncoding = 4; lastKnownFileType = sourcecode.c.h; path = AIRMapMarker.h; sourceTree = "<group>"; };
		AF0211DE20A430E2002304B6 /* AIRMap.m */ = {isa = PBXFileReference; fileEncoding = 4; lastKnownFileType = sourcecode.c.objc; path = AIRMap.m; sourceTree = "<group>"; };
		AF0211DF20A430E2002304B6 /* AIRMap.h */ = {isa = PBXFileReference; fileEncoding = 4; lastKnownFileType = sourcecode.c.h; path = AIRMap.h; sourceTree = "<group>"; };
		AF0211E020A430E2002304B6 /* AIRMapPolygonManager.h */ = {isa = PBXFileReference; fileEncoding = 4; lastKnownFileType = sourcecode.c.h; path = AIRMapPolygonManager.h; sourceTree = "<group>"; };
		AF0211E120A430E2002304B6 /* AIRMapCalloutManager.m */ = {isa = PBXFileReference; fileEncoding = 4; lastKnownFileType = sourcecode.c.objc; path = AIRMapCalloutManager.m; sourceTree = "<group>"; };
		AF0211E220A430E3002304B6 /* AIRMapCircleManager.m */ = {isa = PBXFileReference; fileEncoding = 4; lastKnownFileType = sourcecode.c.objc; path = AIRMapCircleManager.m; sourceTree = "<group>"; };
		AF0211E320A430E3002304B6 /* AIRMapCircle.h */ = {isa = PBXFileReference; fileEncoding = 4; lastKnownFileType = sourcecode.c.h; path = AIRMapCircle.h; sourceTree = "<group>"; };
		AF0211E420A430E3002304B6 /* AIRMapMarkerManager.h */ = {isa = PBXFileReference; fileEncoding = 4; lastKnownFileType = sourcecode.c.h; path = AIRMapMarkerManager.h; sourceTree = "<group>"; };
		AF0211E520A430E3002304B6 /* RCTConvert+AirMap.m */ = {isa = PBXFileReference; fileEncoding = 4; lastKnownFileType = sourcecode.c.objc; path = "RCTConvert+AirMap.m"; sourceTree = "<group>"; };
		AF0211E620A430E3002304B6 /* AIRMapCalloutManager.h */ = {isa = PBXFileReference; fileEncoding = 4; lastKnownFileType = sourcecode.c.h; path = AIRMapCalloutManager.h; sourceTree = "<group>"; };
		AF0211E720A430E3002304B6 /* AIRMapCoordinate.h */ = {isa = PBXFileReference; fileEncoding = 4; lastKnownFileType = sourcecode.c.h; path = AIRMapCoordinate.h; sourceTree = "<group>"; };
		AF0211E820A430E3002304B6 /* AIRMapLocalTile.m */ = {isa = PBXFileReference; fileEncoding = 4; lastKnownFileType = sourcecode.c.objc; path = AIRMapLocalTile.m; sourceTree = "<group>"; };
		AF0211E920A430E3002304B6 /* AIRMapLocalTile.h */ = {isa = PBXFileReference; fileEncoding = 4; lastKnownFileType = sourcecode.c.h; path = AIRMapLocalTile.h; sourceTree = "<group>"; };
		AF0211EA20A430E3002304B6 /* AIRMapSnapshot.h */ = {isa = PBXFileReference; fileEncoding = 4; lastKnownFileType = sourcecode.c.h; path = AIRMapSnapshot.h; sourceTree = "<group>"; };
		AF0211EB20A430E3002304B6 /* AIRMapUrlTileManager.h */ = {isa = PBXFileReference; fileEncoding = 4; lastKnownFileType = sourcecode.c.h; path = AIRMapUrlTileManager.h; sourceTree = "<group>"; };
		AF0211EC20A430E3002304B6 /* AIRMapUrlTile.m */ = {isa = PBXFileReference; fileEncoding = 4; lastKnownFileType = sourcecode.c.objc; path = AIRMapUrlTile.m; sourceTree = "<group>"; };
		AF0211ED20A430E4002304B6 /* AIRMapPolylineRenderer.h */ = {isa = PBXFileReference; fileEncoding = 4; lastKnownFileType = sourcecode.c.h; path = AIRMapPolylineRenderer.h; sourceTree = "<group>"; };
		AF0211EE20A430E4002304B6 /* AIRMapUrlTileManager.m */ = {isa = PBXFileReference; fileEncoding = 4; lastKnownFileType = sourcecode.c.objc; path = AIRMapUrlTileManager.m; sourceTree = "<group>"; };
		AF0211EF20A430E4002304B6 /* AIRMapManager.m */ = {isa = PBXFileReference; fileEncoding = 4; lastKnownFileType = sourcecode.c.objc; path = AIRMapManager.m; sourceTree = "<group>"; };
		AF0211F020A430E4002304B6 /* AIRMapPolygon.h */ = {isa = PBXFileReference; fileEncoding = 4; lastKnownFileType = sourcecode.c.h; path = AIRMapPolygon.h; sourceTree = "<group>"; };
		AF0211F120A430E4002304B6 /* AIRMapPolyline.m */ = {isa = PBXFileReference; fileEncoding = 4; lastKnownFileType = sourcecode.c.objc; path = AIRMapPolyline.m; sourceTree = "<group>"; };
/* End PBXFileReference section */

/* Begin PBXFrameworksBuildPhase section */
		11FA5C4E1C4A1296003AC2EE /* Frameworks */ = {
			isa = PBXFrameworksBuildPhase;
			buildActionMask = 2147483647;
			files = (
			);
			runOnlyForDeploymentPostprocessing = 0;
		};
/* End PBXFrameworksBuildPhase section */

/* Begin PBXGroup section */
		11FA5C481C4A1296003AC2EE = {
			isa = PBXGroup;
			children = (
				11FA5C531C4A1296003AC2EE /* AirMaps */,
				11FA5C521C4A1296003AC2EE /* Products */,
			);
			sourceTree = "<group>";
		};
		11FA5C521C4A1296003AC2EE /* Products */ = {
			isa = PBXGroup;
			children = (
				11FA5C511C4A1296003AC2EE /* libAirMaps.a */,
			);
			name = Products;
			sourceTree = "<group>";
		};
		11FA5C531C4A1296003AC2EE /* AirMaps */ = {
			isa = PBXGroup;
			children = (
				AF0211DF20A430E2002304B6 /* AIRMap.h */,
				AF0211DE20A430E2002304B6 /* AIRMap.m */,
				AF0211CF20A430E1002304B6 /* AIRMapCallout.h */,
				AF0211D220A430E2002304B6 /* AIRMapCallout.m */,
				AF0211E620A430E3002304B6 /* AIRMapCalloutManager.h */,
				AF0211E120A430E2002304B6 /* AIRMapCalloutManager.m */,
				AF0211E320A430E3002304B6 /* AIRMapCircle.h */,
				AF0211CD20A430E1002304B6 /* AIRMapCircle.m */,
				AF0211C720A430E1002304B6 /* AIRMapCircleManager.h */,
				AF0211E220A430E3002304B6 /* AIRMapCircleManager.m */,
				AF0211E720A430E3002304B6 /* AIRMapCoordinate.h */,
				AF0211C620A430E1002304B6 /* AIRMapCoordinate.m */,
				AF0211E920A430E3002304B6 /* AIRMapLocalTile.h */,
				AF0211E820A430E3002304B6 /* AIRMapLocalTile.m */,
				AF0211D520A430E2002304B6 /* AIRMapLocalTileManager.h */,
				AF0211D320A430E2002304B6 /* AIRMapLocalTileManager.m */,
				AF0211DB20A430E2002304B6 /* AIRMapLocalTileOverlay.h */,
				AF0211D120A430E2002304B6 /* AIRMapLocalTileOverlay.m */,
				AF0211CE20A430E1002304B6 /* AIRMapManager.h */,
				AF0211EF20A430E4002304B6 /* AIRMapManager.m */,
				AF0211DD20A430E2002304B6 /* AIRMapMarker.h */,
				AF0211D620A430E2002304B6 /* AIRMapMarker.m */,
				AF0211E420A430E3002304B6 /* AIRMapMarkerManager.h */,
				AF0211DC20A430E2002304B6 /* AIRMapMarkerManager.m */,
				AF0211F020A430E4002304B6 /* AIRMapPolygon.h */,
				AF0211C920A430E1002304B6 /* AIRMapPolygon.m */,
				AF0211E020A430E2002304B6 /* AIRMapPolygonManager.h */,
				AF0211C820A430E1002304B6 /* AIRMapPolygonManager.m */,
				AF0211CC20A430E1002304B6 /* AIRMapPolyline.h */,
				AF0211F120A430E4002304B6 /* AIRMapPolyline.m */,
				AF0211D720A430E2002304B6 /* AIRMapPolylineManager.h */,
				AF0211D020A430E1002304B6 /* AIRMapPolylineManager.m */,
				AF0211ED20A430E4002304B6 /* AIRMapPolylineRenderer.h */,
				AF0211D420A430E2002304B6 /* AIRMapPolylineRenderer.m */,
				AF0211EA20A430E3002304B6 /* AIRMapSnapshot.h */,
				AF0211CA20A430E1002304B6 /* AIRMapUrlTile.h */,
				AF0211EC20A430E3002304B6 /* AIRMapUrlTile.m */,
				AF0211EB20A430E3002304B6 /* AIRMapUrlTileManager.h */,
				AF0211EE20A430E4002304B6 /* AIRMapUrlTileManager.m */,
				AF0211D820A430E2002304B6 /* Callout */,
				AF0211CB20A430E1002304B6 /* RCTConvert+AirMap.h */,
				AF0211E520A430E3002304B6 /* RCTConvert+AirMap.m */,
			);
			path = AirMaps;
			sourceTree = "<group>";
		};
		AF0211D820A430E2002304B6 /* Callout */ = {
			isa = PBXGroup;
			children = (
				AF0211D920A430E2002304B6 /* SMCalloutView.m */,
				AF0211DA20A430E2002304B6 /* SMCalloutView.h */,
			);
			path = Callout;
			sourceTree = "<group>";
		};
/* End PBXGroup section */

/* Begin PBXNativeTarget section */
		11FA5C501C4A1296003AC2EE /* AirMaps */ = {
			isa = PBXNativeTarget;
			buildConfigurationList = 11FA5C5A1C4A1296003AC2EE /* Build configuration list for PBXNativeTarget "AirMaps" */;
			buildPhases = (
				11FA5C4D1C4A1296003AC2EE /* Sources */,
				11FA5C4E1C4A1296003AC2EE /* Frameworks */,
				11FA5C4F1C4A1296003AC2EE /* CopyFiles */,
			);
			buildRules = (
			);
			dependencies = (
			);
			name = AirMaps;
			productName = AirMaps;
			productReference = 11FA5C511C4A1296003AC2EE /* libAirMaps.a */;
			productType = "com.apple.product-type.library.static";
		};
/* End PBXNativeTarget section */

/* Begin PBXProject section */
		11FA5C491C4A1296003AC2EE /* Project object */ = {
			isa = PBXProject;
			attributes = {
				LastUpgradeCheck = 0720;
				ORGANIZATIONNAME = Christopher;
				TargetAttributes = {
					11FA5C501C4A1296003AC2EE = {
						CreatedOnToolsVersion = 7.2;
					};
				};
			};
			buildConfigurationList = 11FA5C4C1C4A1296003AC2EE /* Build configuration list for PBXProject "AirMaps" */;
			compatibilityVersion = "Xcode 3.2";
			developmentRegion = English;
			hasScannedForEncodings = 0;
			knownRegions = (
				en,
			);
			mainGroup = 11FA5C481C4A1296003AC2EE;
			productRefGroup = 11FA5C521C4A1296003AC2EE /* Products */;
			projectDirPath = "";
			projectRoot = "";
			targets = (
				11FA5C501C4A1296003AC2EE /* AirMaps */,
			);
		};
/* End PBXProject section */

/* Begin PBXSourcesBuildPhase section */
		11FA5C4D1C4A1296003AC2EE /* Sources */ = {
			isa = PBXSourcesBuildPhase;
			buildActionMask = 2147483647;
			files = (
				AF0211FF20A430E4002304B6 /* AIRMapCalloutManager.m in Sources */,
				AF02120420A430E4002304B6 /* AIRMapUrlTileManager.m in Sources */,
				AF0211F320A430E4002304B6 /* AIRMapPolygonManager.m in Sources */,
				AF0211F920A430E4002304B6 /* AIRMapLocalTileManager.m in Sources */,
				AF02120220A430E4002304B6 /* AIRMapLocalTile.m in Sources */,
				AF0211F520A430E4002304B6 /* AIRMapCircle.m in Sources */,
				AF0211FD20A430E4002304B6 /* AIRMapMarkerManager.m in Sources */,
				AF0211FB20A430E4002304B6 /* AIRMapMarker.m in Sources */,
				AF0211F420A430E4002304B6 /* AIRMapPolygon.m in Sources */,
				AF0211FE20A430E4002304B6 /* AIRMap.m in Sources */,
				AF02120020A430E4002304B6 /* AIRMapCircleManager.m in Sources */,
				AF02120620A430E4002304B6 /* AIRMapPolyline.m in Sources */,
				AF02120520A430E4002304B6 /* AIRMapManager.m in Sources */,
				AF0211F220A430E4002304B6 /* AIRMapCoordinate.m in Sources */,
				AF02120320A430E4002304B6 /* AIRMapUrlTile.m in Sources */,
				AF0211FC20A430E4002304B6 /* SMCalloutView.m in Sources */,
				AF0211F820A430E4002304B6 /* AIRMapCallout.m in Sources */,
				AF0211F720A430E4002304B6 /* AIRMapLocalTileOverlay.m in Sources */,
				AF02120120A430E4002304B6 /* RCTConvert+AirMap.m in Sources */,
				AF0211F620A430E4002304B6 /* AIRMapPolylineManager.m in Sources */,
				AF0211FA20A430E4002304B6 /* AIRMapPolylineRenderer.m in Sources */,
			);
			runOnlyForDeploymentPostprocessing = 0;
		};
/* End PBXSourcesBuildPhase section */

/* Begin XCBuildConfiguration section */
		11FA5C581C4A1296003AC2EE /* Debug */ = {
			isa = XCBuildConfiguration;
			buildSettings = {
				ALWAYS_SEARCH_USER_PATHS = NO;
				CLANG_CXX_LANGUAGE_STANDARD = "gnu++0x";
				CLANG_CXX_LIBRARY = "libc++";
				CLANG_ENABLE_MODULES = YES;
				CLANG_ENABLE_OBJC_ARC = YES;
				CLANG_WARN_BOOL_CONVERSION = YES;
				CLANG_WARN_CONSTANT_CONVERSION = YES;
				CLANG_WARN_DIRECT_OBJC_ISA_USAGE = YES_ERROR;
				CLANG_WARN_EMPTY_BODY = YES;
				CLANG_WARN_ENUM_CONVERSION = YES;
				CLANG_WARN_INT_CONVERSION = YES;
				CLANG_WARN_OBJC_ROOT_CLASS = YES_ERROR;
				CLANG_WARN_UNREACHABLE_CODE = YES;
				CLANG_WARN__DUPLICATE_METHOD_MATCH = YES;
				"CODE_SIGN_IDENTITY[sdk=iphoneos*]" = "iPhone Developer";
				COPY_PHASE_STRIP = NO;
				DEBUG_INFORMATION_FORMAT = dwarf;
				ENABLE_STRICT_OBJC_MSGSEND = YES;
				ENABLE_TESTABILITY = YES;
				GCC_C_LANGUAGE_STANDARD = gnu99;
				GCC_DYNAMIC_NO_PIC = NO;
				GCC_NO_COMMON_BLOCKS = YES;
				GCC_OPTIMIZATION_LEVEL = 0;
				GCC_PREPROCESSOR_DEFINITIONS = (
					"DEBUG=1",
					"$(inherited)",
				);
				GCC_WARN_64_TO_32_BIT_CONVERSION = YES;
				GCC_WARN_ABOUT_RETURN_TYPE = YES_ERROR;
				GCC_WARN_UNDECLARED_SELECTOR = YES;
				GCC_WARN_UNINITIALIZED_AUTOS = YES_AGGRESSIVE;
				GCC_WARN_UNUSED_FUNCTION = YES;
				GCC_WARN_UNUSED_VARIABLE = YES;
				HEADER_SEARCH_PATHS = "";
				IPHONEOS_DEPLOYMENT_TARGET = 9.2;
				MTL_ENABLE_DEBUG_INFO = YES;
				ONLY_ACTIVE_ARCH = YES;
				SDKROOT = iphoneos;
			};
			name = Debug;
		};
		11FA5C591C4A1296003AC2EE /* Release */ = {
			isa = XCBuildConfiguration;
			buildSettings = {
				ALWAYS_SEARCH_USER_PATHS = NO;
				CLANG_CXX_LANGUAGE_STANDARD = "gnu++0x";
				CLANG_CXX_LIBRARY = "libc++";
				CLANG_ENABLE_MODULES = YES;
				CLANG_ENABLE_OBJC_ARC = YES;
				CLANG_WARN_BOOL_CONVERSION = YES;
				CLANG_WARN_CONSTANT_CONVERSION = YES;
				CLANG_WARN_DIRECT_OBJC_ISA_USAGE = YES_ERROR;
				CLANG_WARN_EMPTY_BODY = YES;
				CLANG_WARN_ENUM_CONVERSION = YES;
				CLANG_WARN_INT_CONVERSION = YES;
				CLANG_WARN_OBJC_ROOT_CLASS = YES_ERROR;
				CLANG_WARN_UNREACHABLE_CODE = YES;
				CLANG_WARN__DUPLICATE_METHOD_MATCH = YES;
				"CODE_SIGN_IDENTITY[sdk=iphoneos*]" = "iPhone Developer";
				COPY_PHASE_STRIP = NO;
				DEBUG_INFORMATION_FORMAT = "dwarf-with-dsym";
				ENABLE_NS_ASSERTIONS = NO;
				ENABLE_STRICT_OBJC_MSGSEND = YES;
				GCC_C_LANGUAGE_STANDARD = gnu99;
				GCC_NO_COMMON_BLOCKS = YES;
				GCC_WARN_64_TO_32_BIT_CONVERSION = YES;
				GCC_WARN_ABOUT_RETURN_TYPE = YES_ERROR;
				GCC_WARN_UNDECLARED_SELECTOR = YES;
				GCC_WARN_UNINITIALIZED_AUTOS = YES_AGGRESSIVE;
				GCC_WARN_UNUSED_FUNCTION = YES;
				GCC_WARN_UNUSED_VARIABLE = YES;
				HEADER_SEARCH_PATHS = "";
				IPHONEOS_DEPLOYMENT_TARGET = 9.2;
				MTL_ENABLE_DEBUG_INFO = NO;
				SDKROOT = iphoneos;
				VALIDATE_PRODUCT = YES;
			};
			name = Release;
		};
		11FA5C5B1C4A1296003AC2EE /* Debug */ = {
			isa = XCBuildConfiguration;
			buildSettings = {
				HEADER_SEARCH_PATHS = (
					"$(SRCROOT)/../../react-native/React/**",
					"$(SRCROOT)/../../react-native/Libraries/Image",
				);
				IPHONEOS_DEPLOYMENT_TARGET = 7.0;
				OTHER_LDFLAGS = "-ObjC";
				PRODUCT_NAME = "$(TARGET_NAME)";
				SKIP_INSTALL = YES;
			};
			name = Debug;
		};
		11FA5C5C1C4A1296003AC2EE /* Release */ = {
			isa = XCBuildConfiguration;
			buildSettings = {
				HEADER_SEARCH_PATHS = (
					"$(SRCROOT)/../../react-native/React/**",
					"$(SRCROOT)/../../react-native/Libraries/Image",
				);
				IPHONEOS_DEPLOYMENT_TARGET = 7.0;
				OTHER_LDFLAGS = "-ObjC";
				PRODUCT_NAME = "$(TARGET_NAME)";
				SKIP_INSTALL = YES;
			};
			name = Release;
		};
/* End XCBuildConfiguration section */

/* Begin XCConfigurationList section */
		11FA5C4C1C4A1296003AC2EE /* Build configuration list for PBXProject "AirMaps" */ = {
			isa = XCConfigurationList;
			buildConfigurations = (
				11FA5C581C4A1296003AC2EE /* Debug */,
				11FA5C591C4A1296003AC2EE /* Release */,
			);
			defaultConfigurationIsVisible = 0;
			defaultConfigurationName = Release;
		};
		11FA5C5A1C4A1296003AC2EE /* Build configuration list for PBXNativeTarget "AirMaps" */ = {
			isa = XCConfigurationList;
			buildConfigurations = (
				11FA5C5B1C4A1296003AC2EE /* Debug */,
				11FA5C5C1C4A1296003AC2EE /* Release */,
			);
			defaultConfigurationIsVisible = 0;
			defaultConfigurationName = Release;
		};
/* End XCConfigurationList section */
	};
	rootObject = 11FA5C491C4A1296003AC2EE /* Project object */;
}
